
Microsoft Visual Studio Solution File, Format Version 12.00
# Visual Studio Express 2012 for Web
Project("{E24C65DC-7377-472B-9ABA-BC803B73C61A}") = "Portafolio", "http://localhost:53177", "{93F0E7A9-606E-4FCD-8C7D-EDF9F58CDCB5}"
	ProjectSection(WebsiteProperties) = preProject
		UseIISExpress = "true"
		TargetFrameworkMoniker = ".NETFramework,Version%3Dv4.5"
		Debug.AspNetCompiler.VirtualPath = "/Portafolio"
		Debug.AspNetCompiler.PhysicalPath = "..\Portafolio\"
		Debug.AspNetCompiler.TargetPath = "PrecompiledWeb\Portafolio\"
		Debug.AspNetCompiler.Updateable = "true"
		Debug.AspNetCompiler.ForceOverwrite = "true"
		Debug.AspNetCompiler.FixedNames = "false"
		Debug.AspNetCompiler.Debug = "True"
		Release.AspNetCompiler.VirtualPath = "/Portafolio"
		Release.AspNetCompiler.PhysicalPath = "..\Portafolio\"
		Release.AspNetCompiler.TargetPath = "PrecompiledWeb\Portafolio\"
		Release.AspNetCompiler.Updateable = "true"
		Release.AspNetCompiler.ForceOverwrite = "true"
		Release.AspNetCompiler.FixedNames = "false"
		Release.AspNetCompiler.Debug = "False"
		SlnRelativePath = "..\Portafolio\"
	EndProjectSection
EndProject
Global
	GlobalSection(SolutionConfigurationPlatforms) = preSolution
		Debug|Any CPU = Debug|Any CPU
	EndGlobalSection
	GlobalSection(ProjectConfigurationPlatforms) = postSolution
		{93F0E7A9-606E-4FCD-8C7D-EDF9F58CDCB5}.Debug|Any CPU.ActiveCfg = Debug|Any CPU
		{93F0E7A9-606E-4FCD-8C7D-EDF9F58CDCB5}.Debug|Any CPU.Build.0 = Debug|Any CPU
	EndGlobalSection
	GlobalSection(SolutionProperties) = preSolution
		HideSolutionNode = FALSE
	EndGlobalSection
EndGlobal
